
Microsoft Visual Studio Solution File, Format Version 12.00
# Visual Studio 15
VisualStudioVersion = 15.0.27703.2000
MinimumVisualStudioVersion = 10.0.40219.1
Project("{FAE04EC0-301F-11D3-BF4B-00C04F79EFBC}") = "ConmanDictionary", "ConmanDictionary\ConmanDictionary.csproj", "{6829E52B-1CA5-405C-BCCC-93BEE9254B1E}"
	ProjectSection(ProjectDependencies) = postProject
		{0C3A8104-FB45-4E77-87EC-5A3CF5052010} = {0C3A8104-FB45-4E77-87EC-5A3CF5052010}
	EndProjectSection
EndProject
Project("{9A19103F-16F7-4668-BE54-9A1E7A4F7556}") = "DictionaryDocument", "DictionaryDocument\DictionaryDocument.csproj", "{0C3A8104-FB45-4E77-87EC-5A3CF5052010}"
EndProject
Project("{FAE04EC0-301F-11D3-BF4B-00C04F79EFBC}") = "TryConcept", "TryConcept\TryConcept.csproj", "{877A89BF-0821-47B3-B912-508EF2AB86FE}"
	ProjectSection(ProjectDependencies) = postProject
		{0C3A8104-FB45-4E77-87EC-5A3CF5052010} = {0C3A8104-FB45-4E77-87EC-5A3CF5052010}
	EndProjectSection
EndProject
Global
	GlobalSection(SolutionConfigurationPlatforms) = preSolution
		Debug|Any CPU = Debug|Any CPU
		Release|Any CPU = Release|Any CPU
	EndGlobalSection
	GlobalSection(ProjectConfigurationPlatforms) = postSolution
		{6829E52B-1CA5-405C-BCCC-93BEE9254B1E}.Debug|Any CPU.ActiveCfg = Debug|Any CPU
		{6829E52B-1CA5-405C-BCCC-93BEE9254B1E}.Debug|Any CPU.Build.0 = Debug|Any CPU
		{6829E52B-1CA5-405C-BCCC-93BEE9254B1E}.Release|Any CPU.ActiveCfg = Release|Any CPU
		{6829E52B-1CA5-405C-BCCC-93BEE9254B1E}.Release|Any CPU.Build.0 = Release|Any CPU
		{0C3A8104-FB45-4E77-87EC-5A3CF5052010}.Debug|Any CPU.ActiveCfg = Debug|Any CPU
		{0C3A8104-FB45-4E77-87EC-5A3CF5052010}.Debug|Any CPU.Build.0 = Debug|Any CPU
		{0C3A8104-FB45-4E77-87EC-5A3CF5052010}.Release|Any CPU.ActiveCfg = Release|Any CPU
		{0C3A8104-FB45-4E77-87EC-5A3CF5052010}.Release|Any CPU.Build.0 = Release|Any CPU
		{877A89BF-0821-47B3-B912-508EF2AB86FE}.Debug|Any CPU.ActiveCfg = Debug|Any CPU
		{877A89BF-0821-47B3-B912-508EF2AB86FE}.Debug|Any CPU.Build.0 = Debug|Any CPU
		{877A89BF-0821-47B3-B912-508EF2AB86FE}.Release|Any CPU.ActiveCfg = Release|Any CPU
		{877A89BF-0821-47B3-B912-508EF2AB86FE}.Release|Any CPU.Build.0 = Release|Any CPU
	EndGlobalSection
	GlobalSection(SolutionProperties) = preSolution
		HideSolutionNode = FALSE
	EndGlobalSection
	GlobalSection(ExtensibilityGlobals) = postSolution
		SolutionGuid = {51E9E02F-52C8-405A-A03F-F333F0977801}
	EndGlobalSection
EndGlobal
